
Microsoft Visual Studio Solution File, Format Version 12.00
# Visual Studio Version 16
VisualStudioVersion = 16.0.30711.63
MinimumVisualStudioVersion = 10.0.40219.1
Project("{FAE04EC0-301F-11D3-BF4B-00C04F79EFBC}") = "OCR from ScreenCopy", "OCR from ScreenCopy\OCR from ScreenCopy.csproj", "{837792E3-EA14-4D0E-A26F-C8EE1166B72F}"
EndProject
Global
	GlobalSection(SolutionConfigurationPlatforms) = preSolution
		Debug|Any CPU = Debug|Any CPU
		Release|Any CPU = Release|Any CPU
	EndGlobalSection
	GlobalSection(ProjectConfigurationPlatforms) = postSolution
		{837792E3-EA14-4D0E-A26F-C8EE1166B72F}.Debug|Any CPU.ActiveCfg = Debug|Any CPU
		{837792E3-EA14-4D0E-A26F-C8EE1166B72F}.Debug|Any CPU.Build.0 = Debug|Any CPU
		{837792E3-EA14-4D0E-A26F-C8EE1166B72F}.Release|Any CPU.ActiveCfg = Release|Any CPU
		{837792E3-EA14-4D0E-A26F-C8EE1166B72F}.Release|Any CPU.Build.0 = Release|Any CPU
	EndGlobalSection
	GlobalSection(SolutionProperties) = preSolution
		HideSolutionNode = FALSE
	EndGlobalSection
	GlobalSection(ExtensibilityGlobals) = postSolution
		SolutionGuid = {378544E5-5847-417D-AD4C-5FDC78AF117B}
	EndGlobalSection
EndGlobal
